
Microsoft Visual Studio Solution File, Format Version 12.00
# Visual Studio Version 17
VisualStudioVersion = 17.10.34928.147
MinimumVisualStudioVersion = 10.0.40219.1
Project("{9A19103F-16F7-4668-BE54-9A1E7A4F7556}") = "Source", "Source\Source.csproj", "{A1041605-30EC-4582-B4C9-E835207FE603}"
EndProject
Project("{9A19103F-16F7-4668-BE54-9A1E7A4F7556}") = "Test", "Test\Test.csproj", "{949AA5F4-9736-4079-BB65-E648D61B3CE1}"
EndProject
Global
	GlobalSection(SolutionConfigurationPlatforms) = preSolution
		Debug|Any CPU = Debug|Any CPU
		Release|Any CPU = Release|Any CPU
	EndGlobalSection
	GlobalSection(ProjectConfigurationPlatforms) = postSolution
		{A1041605-30EC-4582-B4C9-E835207FE603}.Debug|Any CPU.ActiveCfg = Debug|Any CPU
		{A1041605-30EC-4582-B4C9-E835207FE603}.Debug|Any CPU.Build.0 = Debug|Any CPU
		{A1041605-30EC-4582-B4C9-E835207FE603}.Release|Any CPU.ActiveCfg = Release|Any CPU
		{A1041605-30EC-4582-B4C9-E835207FE603}.Release|Any CPU.Build.0 = Release|Any CPU
		{949AA5F4-9736-4079-BB65-E648D61B3CE1}.Debug|Any CPU.ActiveCfg = Debug|Any CPU
		{949AA5F4-9736-4079-BB65-E648D61B3CE1}.Debug|Any CPU.Build.0 = Debug|Any CPU
		{949AA5F4-9736-4079-BB65-E648D61B3CE1}.Release|Any CPU.ActiveCfg = Release|Any CPU
		{949AA5F4-9736-4079-BB65-E648D61B3CE1}.Release|Any CPU.Build.0 = Release|Any CPU
	EndGlobalSection
	GlobalSection(SolutionProperties) = preSolution
		HideSolutionNode = FALSE
	EndGlobalSection
	GlobalSection(ExtensibilityGlobals) = postSolution
		SolutionGuid = {4767DE92-86A6-46DA-9FA6-FD837FA2928B}
	EndGlobalSection
EndGlobal
